
Microsoft Visual Studio Solution File, Format Version 12.00
# Visual Studio 14
VisualStudioVersion = 14.0.23107.0
MinimumVisualStudioVersion = 10.0.40219.1
Project("{2150E333-8FDC-42A3-9474-1A3956D46DE8}") = "Solution Items", "Solution Items", "{94C8F285-73BF-49CE-98DB-4156D7BFDEFB}"
	ProjectSection(SolutionItems) = preProject
		Com\log4net.dll = Com\log4net.dll
		Com\log4net.xml = Com\log4net.xml
	EndProjectSection
EndProject
Project("{FAE04EC0-301F-11D3-BF4B-00C04F79EFBC}") = "Tup.Utilities", "Tup.Utilities.csproj", "{D06F9743-8DEC-4691-8B7C-BDD3337900A9}"
EndProject
Global
	GlobalSection(SolutionConfigurationPlatforms) = preSolution
		Debug|Any CPU = Debug|Any CPU
		Release|Any CPU = Release|Any CPU
	EndGlobalSection
	GlobalSection(ProjectConfigurationPlatforms) = postSolution
		{D06F9743-8DEC-4691-8B7C-BDD3337900A9}.Debug|Any CPU.ActiveCfg = Debug|Any CPU
		{D06F9743-8DEC-4691-8B7C-BDD3337900A9}.Debug|Any CPU.Build.0 = Debug|Any CPU
		{D06F9743-8DEC-4691-8B7C-BDD3337900A9}.Release|Any CPU.ActiveCfg = Release|Any CPU
		{D06F9743-8DEC-4691-8B7C-BDD3337900A9}.Release|Any CPU.Build.0 = Release|Any CPU
	EndGlobalSection
	GlobalSection(SolutionProperties) = preSolution
		HideSolutionNode = FALSE
	EndGlobalSection
EndGlobal
